
Microsoft Visual Studio Solution File, Format Version 12.00
# Visual Studio Version 17
VisualStudioVersion = 17.0.31919.166
MinimumVisualStudioVersion = 10.0.40219.1
Project("{FAE04EC0-301F-11D3-BF4B-00C04F79EFBC}") = "Paneltest-WPF", "Paneltest-WPF.csproj", "{A9836DE8-7F47-4C78-8CBF-1A680E13CE18}"
EndProject
Global
	GlobalSection(SolutionConfigurationPlatforms) = preSolution
		Debug|Any CPU = Debug|Any CPU
		Release|Any CPU = Release|Any CPU
	EndGlobalSection
	GlobalSection(ProjectConfigurationPlatforms) = postSolution
		{A9836DE8-7F47-4C78-8CBF-1A680E13CE18}.Debug|Any CPU.ActiveCfg = Debug|Any CPU
		{A9836DE8-7F47-4C78-8CBF-1A680E13CE18}.Debug|Any CPU.Build.0 = Debug|Any CPU
		{A9836DE8-7F47-4C78-8CBF-1A680E13CE18}.Release|Any CPU.ActiveCfg = Release|Any CPU
		{A9836DE8-7F47-4C78-8CBF-1A680E13CE18}.Release|Any CPU.Build.0 = Release|Any CPU
	EndGlobalSection
	GlobalSection(SolutionProperties) = preSolution
		HideSolutionNode = FALSE
	EndGlobalSection
	GlobalSection(ExtensibilityGlobals) = postSolution
		SolutionGuid = {826AF7B8-DBA9-4337-B319-FC980732D3E1}
	EndGlobalSection
EndGlobal
